
Microsoft Visual Studio Solution File, Format Version 12.00
# Visual Studio Version 17
VisualStudioVersion = 17.4.33213.308
MinimumVisualStudioVersion = 10.0.40219.1
Project("{9A19103F-16F7-4668-BE54-9A1E7A4F7556}") = "MVCSQ014_RazorViews", "MVCSQ014_RazorViews\MVCSQ014_RazorViews.csproj", "{DEBF085B-0E27-4227-BAC7-34AB6FFCA7AD}"
EndProject
Project("{FAE04EC0-301F-11D3-BF4B-00C04F79EFBC}") = "SimpleBookAPI", "SimpleBookAPI\SimpleBookAPI.csproj", "{41E19B2C-5365-45C9-9509-62AFB62A2E26}"
EndProject
Global
	GlobalSection(SolutionConfigurationPlatforms) = preSolution
		Debug|Any CPU = Debug|Any CPU
		Release|Any CPU = Release|Any CPU
	EndGlobalSection
	GlobalSection(ProjectConfigurationPlatforms) = postSolution
		{DEBF085B-0E27-4227-BAC7-34AB6FFCA7AD}.Debug|Any CPU.ActiveCfg = Debug|Any CPU
		{DEBF085B-0E27-4227-BAC7-34AB6FFCA7AD}.Debug|Any CPU.Build.0 = Debug|Any CPU
		{DEBF085B-0E27-4227-BAC7-34AB6FFCA7AD}.Release|Any CPU.ActiveCfg = Release|Any CPU
		{DEBF085B-0E27-4227-BAC7-34AB6FFCA7AD}.Release|Any CPU.Build.0 = Release|Any CPU
		{41E19B2C-5365-45C9-9509-62AFB62A2E26}.Debug|Any CPU.ActiveCfg = Debug|Any CPU
		{41E19B2C-5365-45C9-9509-62AFB62A2E26}.Debug|Any CPU.Build.0 = Debug|Any CPU
		{41E19B2C-5365-45C9-9509-62AFB62A2E26}.Release|Any CPU.ActiveCfg = Release|Any CPU
		{41E19B2C-5365-45C9-9509-62AFB62A2E26}.Release|Any CPU.Build.0 = Release|Any CPU
	EndGlobalSection
	GlobalSection(SolutionProperties) = preSolution
		HideSolutionNode = FALSE
	EndGlobalSection
	GlobalSection(ExtensibilityGlobals) = postSolution
		SolutionGuid = {C7652CB0-2018-4F13-9961-E1751AB7917F}
	EndGlobalSection
EndGlobal
